
Microsoft Visual Studio Solution File, Format Version 12.00
# Visual Studio Version 16
VisualStudioVersion = 16.0.30717.126
MinimumVisualStudioVersion = 10.0.40219.1
Project("{FAE04EC0-301F-11D3-BF4B-00C04F79EFBC}") = "SaveUtf8Srt", "SaveUtf8Srt.csproj", "{DA699F51-E95B-4784-B723-BA1E91ECDB45}"
EndProject
Project("{2150E333-8FDC-42A3-9474-1A3956D46DE8}") = "Library", "Library", "{9B4A0D0C-70C3-4397-B4C8-110E5EBA3DED}"
EndProject
Project("{9A19103F-16F7-4668-BE54-9A1E7A4F7556}") = "Gatchan.Base.Standard", "..\Gatchan.Library\Gatchan.Base.Standard\Gatchan.Base.Standard.csproj", "{BD9E1462-702D-479A-BEF4-CA7D6F5C7E07}"
EndProject
Global
	GlobalSection(SolutionConfigurationPlatforms) = preSolution
		Debug|Any CPU = Debug|Any CPU
		Release|Any CPU = Release|Any CPU
	EndGlobalSection
	GlobalSection(ProjectConfigurationPlatforms) = postSolution
		{DA699F51-E95B-4784-B723-BA1E91ECDB45}.Debug|Any CPU.ActiveCfg = Debug|Any CPU
		{DA699F51-E95B-4784-B723-BA1E91ECDB45}.Debug|Any CPU.Build.0 = Debug|Any CPU
		{DA699F51-E95B-4784-B723-BA1E91ECDB45}.Release|Any CPU.ActiveCfg = Release|Any CPU
		{DA699F51-E95B-4784-B723-BA1E91ECDB45}.Release|Any CPU.Build.0 = Release|Any CPU
		{BD9E1462-702D-479A-BEF4-CA7D6F5C7E07}.Debug|Any CPU.ActiveCfg = Debug|Any CPU
		{BD9E1462-702D-479A-BEF4-CA7D6F5C7E07}.Debug|Any CPU.Build.0 = Debug|Any CPU
		{BD9E1462-702D-479A-BEF4-CA7D6F5C7E07}.Release|Any CPU.ActiveCfg = Release|Any CPU
		{BD9E1462-702D-479A-BEF4-CA7D6F5C7E07}.Release|Any CPU.Build.0 = Release|Any CPU
	EndGlobalSection
	GlobalSection(SolutionProperties) = preSolution
		HideSolutionNode = FALSE
	EndGlobalSection
	GlobalSection(NestedProjects) = preSolution
		{BD9E1462-702D-479A-BEF4-CA7D6F5C7E07} = {9B4A0D0C-70C3-4397-B4C8-110E5EBA3DED}
	EndGlobalSection
	GlobalSection(ExtensibilityGlobals) = postSolution
		SolutionGuid = {AE3AB3BC-28F1-40CF-B62F-2480D55B728C}
	EndGlobalSection
EndGlobal
